
Microsoft Visual Studio Solution File, Format Version 12.00
# Visual Studio Version 16
VisualStudioVersion = 16.0.32228.343
MinimumVisualStudioVersion = 10.0.40219.1
Project("{FAE04EC0-301F-11D3-BF4B-00C04F79EFBC}") = "ConsoleApp1", "ConsoleApp1\ConsoleApp1.csproj", "{D2AE55CA-37FE-4B26-9A6F-B735B52F87FD}"
EndProject
Global
	GlobalSection(SolutionConfigurationPlatforms) = preSolution
		Debug|Any CPU = Debug|Any CPU
		Release|Any CPU = Release|Any CPU
	EndGlobalSection
	GlobalSection(ProjectConfigurationPlatforms) = postSolution
		{D2AE55CA-37FE-4B26-9A6F-B735B52F87FD}.Debug|Any CPU.ActiveCfg = Debug|Any CPU
		{D2AE55CA-37FE-4B26-9A6F-B735B52F87FD}.Debug|Any CPU.Build.0 = Debug|Any CPU
		{D2AE55CA-37FE-4B26-9A6F-B735B52F87FD}.Release|Any CPU.ActiveCfg = Release|Any CPU
		{D2AE55CA-37FE-4B26-9A6F-B735B52F87FD}.Release|Any CPU.Build.0 = Release|Any CPU
	EndGlobalSection
	GlobalSection(SolutionProperties) = preSolution
		HideSolutionNode = FALSE
	EndGlobalSection
	GlobalSection(ExtensibilityGlobals) = postSolution
		SolutionGuid = {B62AE3D9-08BE-47A9-B461-3E91330B2B7A}
	EndGlobalSection
EndGlobal
